PODS:
  - Flutter (1.0.0)
  - flutter_linkid_digitalfootprint (0.0.1):
    - Flutter
    - SpeedcheckerSDK
  - integration_test (0.0.1):
    - Flutter
  - SpeedcheckerSDK (1.5.66)

DEPENDENCIES:
  - Flutter (from `Flutter`)
  - flutter_linkid_digitalfootprint (from `.symlinks/plugins/flutter_linkid_digitalfootprint/ios`)
  - integration_test (from `.symlinks/plugins/integration_test/ios`)

SPEC REPOS:
  trunk:
    - SpeedcheckerSDK

EXTERNAL SOURCES:
  Flutter:
    :path: Flutter
  flutter_linkid_digitalfootprint:
    :path: ".symlinks/plugins/flutter_linkid_digitalfootprint/ios"
  integration_test:
    :path: ".symlinks/plugins/integration_test/ios"

SPEC CHECKSUMS:
  Flutter: f04841e97a9d0b0a8025694d0796dd46242b2854
  flutter_linkid_digitalfootprint: 568c2b931d3799e532e427887c33afddba8eca36
  integration_test: 13825b8a9334a850581300559b8839134b124670
  SpeedcheckerSDK: 9d05a04bfb19a4e4495227fc85a8129fd6b44d9f

PODFILE CHECKSUM: 70d9d25280d0dd177a5f637cdb0f0b0b12c6a189

COCOAPODS: 1.12.1
